// !$*UTF8*$!
{
	archiveVersion = 1;
	classes = {
	};
	objectVersion = 51;
	objects = {

/* Begin PBXBuildFile section */
		15169B38240EEF2D00568CCB /* Movie.swift in Sources */ = {isa = PBXBuildFile; fileRef = 15169B37240EEF2D00568CCB /* Movie.swift */; };
		151B50A8242E48C400EBABBA /* MovieFavRealm.swift in Sources */ = {isa = PBXBuildFile; fileRef = 151B50A7242E48C400EBABBA /* MovieFavRealm.swift */; };
		152C9B1723FECD5000B970BD /* AppDelegate.swift in Sources */ = {isa = PBXBuildFile; fileRef = 152C9B1623FECD5000B970BD /* AppDelegate.swift */; };
		152C9B1B23FECD5000B970BD /* MovieListViewController.swift in Sources */ = {isa = PBXBuildFile; fileRef = 152C9B1A23FECD5000B970BD /* MovieListViewController.swift */; };
		152C9B1E23FECD5000B970BD /* Main.storyboard in Resources */ = {isa = PBXBuildFile; fileRef = 152C9B1C23FECD5000B970BD /* Main.storyboard */; };
		152C9B2023FECD5200B970BD /* Assets.xcassets in Resources */ = {isa = PBXBuildFile; fileRef = 152C9B1F23FECD5200B970BD /* Assets.xcassets */; };
		152C9B2323FECD5200B970BD /* LaunchScreen.storyboard in Resources */ = {isa = PBXBuildFile; fileRef = 152C9B2123FECD5200B970BD /* LaunchScreen.storyboard */; };
		152C9B2E23FECD5300B970BD /* challangeNetflixTests.swift in Sources */ = {isa = PBXBuildFile; fileRef = 152C9B2D23FECD5300B970BD /* challangeNetflixTests.swift */; };
		152C9B3923FECD5300B970BD /* challangeNetflixUITests.swift in Sources */ = {isa = PBXBuildFile; fileRef = 152C9B3823FECD5300B970BD /* challangeNetflixUITests.swift */; };
		154994DB2463357800736A8B /* MovieListWorker.swift in Sources */ = {isa = PBXBuildFile; fileRef = 154994DA2463357800736A8B /* MovieListWorker.swift */; };
		154AAD9F243E434700272877 /* movies.json in Resources */ = {isa = PBXBuildFile; fileRef = 154AAD9E243E434700272877 /* movies.json */; };
		154AADA1243E5B5B00272877 /* movies.json in Resources */ = {isa = PBXBuildFile; fileRef = 154AAD9E243E434700272877 /* movies.json */; };
		154AADA2243E5B5C00272877 /* movies.json in Resources */ = {isa = PBXBuildFile; fileRef = 154AAD9E243E434700272877 /* movies.json */; };
		154AC6572423DB6400143FA1 /* MovieRealm.swift in Sources */ = {isa = PBXBuildFile; fileRef = 154AC6562423DB6400143FA1 /* MovieRealm.swift */; };
		154BADB024478CFC001C1AF8 /* HandlerDatabase.swift in Sources */ = {isa = PBXBuildFile; fileRef = 154BADAF24478CFC001C1AF8 /* HandlerDatabase.swift */; };
		155EAB3424104027001A42A6 /* MovieDetailsViewController.swift in Sources */ = {isa = PBXBuildFile; fileRef = 155EAB3324104027001A42A6 /* MovieDetailsViewController.swift */; };
		155EAB362417F944001A42A6 /* UIMinionButton.swift in Sources */ = {isa = PBXBuildFile; fileRef = 155EAB352417F944001A42A6 /* UIMinionButton.swift */; };
		156A991D2406CF5500ADF085 /* MovieCell.swift in Sources */ = {isa = PBXBuildFile; fileRef = 156A991C2406CF5500ADF085 /* MovieCell.swift */; };
		156A991F2408304100ADF085 /* SearchCollectionReusableView.swift in Sources */ = {isa = PBXBuildFile; fileRef = 156A991E2408304100ADF085 /* SearchCollectionReusableView.swift */; };
		35D91EA16D49DBF622BF0CA3 /* Pods_challangeNetflixTests.framework in Frameworks */ = {isa = PBXBuildFile; fileRef = 77203C35350DBABA1352518F /* Pods_challangeNetflixTests.framework */; };
		6412E71FF88015B267A6F34F /* Pods_challangeNetflix.framework in Frameworks */ = {isa = PBXBuildFile; fileRef = 0844A08E235F6B1791C5B52D /* Pods_challangeNetflix.framework */; };
		77B710038FCA4C62DC69828C /* Pods_challangeNetflix_challangeNetflixUITests.framework in Frameworks */ = {isa = PBXBuildFile; fileRef = B2E174DA42823DAA1BF84DA3 /* Pods_challangeNetflix_challangeNetflixUITests.framework */; };
/* End PBXBuildFile section */

/* Begin PBXContainerItemProxy section */
		152C9B2A23FECD5300B970BD /* PBXContainerItemProxy */ = {
			isa = PBXContainerItemProxy;
			containerPortal = 152C9B0B23FECD4F00B970BD /* Project object */;
			proxyType = 1;
			remoteGlobalIDString = 152C9B1223FECD5000B970BD;
			remoteInfo = challangeNetflix;
		};
		152C9B3523FECD5300B970BD /* PBXContainerItemProxy */ = {
			isa = PBXContainerItemProxy;
			containerPortal = 152C9B0B23FECD4F00B970BD /* Project object */;
			proxyType = 1;
			remoteGlobalIDString = 152C9B1223FECD5000B970BD;
			remoteInfo = challangeNetflix;
		};
/* End PBXContainerItemProxy section */

/* Begin PBXFileReference section */
		0844A08E235F6B1791C5B52D /* Pods_challangeNetflix.framework */ = {isa = PBXFileReference; explicitFileType = wrapper.framework; includeInIndex = 0; path = Pods_challangeNetflix.framework; sourceTree = BUILT_PRODUCTS_DIR; };
		15169B37240EEF2D00568CCB /* Movie.swift */ = {isa = PBXFileReference; fileEncoding = 4; lastKnownFileType = sourcecode.swift; path = Movie.swift; sourceTree = "<group>"; };
		151B50A7242E48C400EBABBA /* MovieFavRealm.swift */ = {isa = PBXFileReference; lastKnownFileType = sourcecode.swift; path = MovieFavRealm.swift; sourceTree = "<group>"; };
		152C9B1323FECD5000B970BD /* challangeNetflix.app */ = {isa = PBXFileReference; explicitFileType = wrapper.application; includeInIndex = 0; path = challangeNetflix.app; sourceTree = BUILT_PRODUCTS_DIR; };
		152C9B1623FECD5000B970BD /* AppDelegate.swift */ = {isa = PBXFileReference; lastKnownFileType = sourcecode.swift; path = AppDelegate.swift; sourceTree = "<group>"; };
		152C9B1A23FECD5000B970BD /* MovieListViewController.swift */ = {isa = PBXFileReference; lastKnownFileType = sourcecode.swift; path = MovieListViewController.swift; sourceTree = "<group>"; };
		152C9B1D23FECD5000B970BD /* Base */ = {isa = PBXFileReference; lastKnownFileType = file.storyboard; name = Base; path = Base.lproj/Main.storyboard; sourceTree = "<group>"; };
		152C9B1F23FECD5200B970BD /* Assets.xcassets */ = {isa = PBXFileReference; lastKnownFileType = folder.assetcatalog; path = Assets.xcassets; sourceTree = "<group>"; };
		152C9B2223FECD5200B970BD /* Base */ = {isa = PBXFileReference; lastKnownFileType = file.storyboard; name = Base; path = Base.lproj/LaunchScreen.storyboard; sourceTree = "<group>"; };
		152C9B2423FECD5200B970BD /* Info.plist */ = {isa = PBXFileReference; lastKnownFileType = text.plist.xml; path = Info.plist; sourceTree = "<group>"; };
		152C9B2923FECD5300B970BD /* challangeNetflixTests.xctest */ = {isa = PBXFileReference; explicitFileType = wrapper.cfbundle; includeInIndex = 0; path = challangeNetflixTests.xctest; sourceTree = BUILT_PRODUCTS_DIR; };
		152C9B2D23FECD5300B970BD /* challangeNetflixTests.swift */ = {isa = PBXFileReference; lastKnownFileType = sourcecode.swift; path = challangeNetflixTests.swift; sourceTree = "<group>"; };
		152C9B2F23FECD5300B970BD /* Info.plist */ = {isa = PBXFileReference; lastKnownFileType = text.plist.xml; path = Info.plist; sourceTree = "<group>"; };
		152C9B3423FECD5300B970BD /* challangeNetflixUITests.xctest */ = {isa = PBXFileReference; explicitFileType = wrapper.cfbundle; includeInIndex = 0; path = challangeNetflixUITests.xctest; sourceTree = BUILT_PRODUCTS_DIR; };
		152C9B3823FECD5300B970BD /* challangeNetflixUITests.swift */ = {isa = PBXFileReference; lastKnownFileType = sourcecode.swift; path = challangeNetflixUITests.swift; sourceTree = "<group>"; };
		152C9B3A23FECD5300B970BD /* Info.plist */ = {isa = PBXFileReference; lastKnownFileType = text.plist.xml; path = Info.plist; sourceTree = "<group>"; };
		154994DA2463357800736A8B /* MovieListWorker.swift */ = {isa = PBXFileReference; lastKnownFileType = sourcecode.swift; path = MovieListWorker.swift; sourceTree = "<group>"; };
		154AAD9E243E434700272877 /* movies.json */ = {isa = PBXFileReference; lastKnownFileType = text.json; path = movies.json; sourceTree = "<group>"; };
		154AC6562423DB6400143FA1 /* MovieRealm.swift */ = {isa = PBXFileReference; lastKnownFileType = sourcecode.swift; path = MovieRealm.swift; sourceTree = "<group>"; };
		154BADAF24478CFC001C1AF8 /* HandlerDatabase.swift */ = {isa = PBXFileReference; lastKnownFileType = sourcecode.swift; path = HandlerDatabase.swift; sourceTree = "<group>"; };
		155EAB3324104027001A42A6 /* MovieDetailsViewController.swift */ = {isa = PBXFileReference; lastKnownFileType = sourcecode.swift; path = MovieDetailsViewController.swift; sourceTree = "<group>"; };
		155EAB352417F944001A42A6 /* UIMinionButton.swift */ = {isa = PBXFileReference; lastKnownFileType = sourcecode.swift; path = UIMinionButton.swift; sourceTree = "<group>"; };
		156A991C2406CF5500ADF085 /* MovieCell.swift */ = {isa = PBXFileReference; lastKnownFileType = sourcecode.swift; path = MovieCell.swift; sourceTree = "<group>"; };
		156A991E2408304100ADF085 /* SearchCollectionReusableView.swift */ = {isa = PBXFileReference; lastKnownFileType = sourcecode.swift; path = SearchCollectionReusableView.swift; sourceTree = "<group>"; };
		77203C35350DBABA1352518F /* Pods_challangeNetflixTests.framework */ = {isa = PBXFileReference; explicitFileType = wrapper.framework; includeInIndex = 0; path = Pods_challangeNetflixTests.framework; sourceTree = BUILT_PRODUCTS_DIR; };
		B26126356E5C0759C0F9E89B /* Pods-challangeNetflix-challangeNetflixUITests.debug.xcconfig */ = {isa = PBXFileReference; includeInIndex = 1; lastKnownFileType = text.xcconfig; name = "Pods-challangeNetflix-challangeNetflixUITests.debug.xcconfig"; path = "Target Support Files/Pods-challangeNetflix-challangeNetflixUITests/Pods-challangeNetflix-challangeNetflixUITests.debug.xcconfig"; sourceTree = "<group>"; };
		B2E174DA42823DAA1BF84DA3 /* Pods_challangeNetflix_challangeNetflixUITests.framework */ = {isa = PBXFileReference; explicitFileType = wrapper.framework; includeInIndex = 0; path = Pods_challangeNetflix_challangeNetflixUITests.framework; sourceTree = BUILT_PRODUCTS_DIR; };
		BC08264AADE6D20C567969E9 /* Pods-challangeNetflixTests.release.xcconfig */ = {isa = PBXFileReference; includeInIndex = 1; lastKnownFileType = text.xcconfig; name = "Pods-challangeNetflixTests.release.xcconfig"; path = "Target Support Files/Pods-challangeNetflixTests/Pods-challangeNetflixTests.release.xcconfig"; sourceTree = "<group>"; };
		BC51E2672C9E53F2F1C20DC2 /* Pods-challangeNetflix.debug.xcconfig */ = {isa = PBXFileReference; includeInIndex = 1; lastKnownFileType = text.xcconfig; name = "Pods-challangeNetflix.debug.xcconfig"; path = "Target Support Files/Pods-challangeNetflix/Pods-challangeNetflix.debug.xcconfig"; sourceTree = "<group>"; };
		D8C93646566ECD34E47E56AA /* Pods-challangeNetflix.release.xcconfig */ = {isa = PBXFileReference; includeInIndex = 1; lastKnownFileType = text.xcconfig; name = "Pods-challangeNetflix.release.xcconfig"; path = "Target Support Files/Pods-challangeNetflix/Pods-challangeNetflix.release.xcconfig"; sourceTree = "<group>"; };
		EB44D1A7D01B68FA75F012CB /* Pods-challangeNetflix-challangeNetflixUITests.release.xcconfig */ = {isa = PBXFileReference; includeInIndex = 1; lastKnownFileType = text.xcconfig; name = "Pods-challangeNetflix-challangeNetflixUITests.release.xcconfig"; path = "Target Support Files/Pods-challangeNetflix-challangeNetflixUITests/Pods-challangeNetflix-challangeNetflixUITests.release.xcconfig"; sourceTree = "<group>"; };
		F1582AE792BA7D4B34B5BB53 /* Pods-challangeNetflixTests.debug.xcconfig */ = {isa = PBXFileReference; includeInIndex = 1; lastKnownFileType = text.xcconfig; name = "Pods-challangeNetflixTests.debug.xcconfig"; path = "Target Support Files/Pods-challangeNetflixTests/Pods-challangeNetflixTests.debug.xcconfig"; sourceTree = "<group>"; };
/* End PBXFileReference section */

/* Begin PBXFrameworksBuildPhase section */
		152C9B1023FECD5000B970BD /* Frameworks */ = {
			isa = PBXFrameworksBuildPhase;
			buildActionMask = 2147483647;
			files = (
				6412E71FF88015B267A6F34F /* Pods_challangeNetflix.framework in Frameworks */,
			);
			runOnlyForDeploymentPostprocessing = 0;
		};
		152C9B2623FECD5300B970BD /* Frameworks */ = {
			isa = PBXFrameworksBuildPhase;
			buildActionMask = 2147483647;
			files = (
				35D91EA16D49DBF622BF0CA3 /* Pods_challangeNetflixTests.framework in Frameworks */,
			);
			runOnlyForDeploymentPostprocessing = 0;
		};
		152C9B3123FECD5300B970BD /* Frameworks */ = {
			isa = PBXFrameworksBuildPhase;
			buildActionMask = 2147483647;
			files = (
				77B710038FCA4C62DC69828C /* Pods_challangeNetflix_challangeNetflixUITests.framework in Frameworks */,
			);
			runOnlyForDeploymentPostprocessing = 0;
		};
/* End PBXFrameworksBuildPhase section */

/* Begin PBXGroup section */
		152C9B0A23FECD4F00B970BD = {
			isa = PBXGroup;
			children = (
				152C9B1523FECD5000B970BD /* challangeNetflix */,
				152C9B2C23FECD5300B970BD /* challangeNetflixTests */,
				152C9B1423FECD5000B970BD /* Products */,
				3EB7FD7815FDD7660E79167F /* Pods */,
				6FED058B69D1F511F51024A6 /* Frameworks */,
			);
			sourceTree = "<group>";
		};
		152C9B1423FECD5000B970BD /* Products */ = {
			isa = PBXGroup;
			children = (
				152C9B1323FECD5000B970BD /* challangeNetflix.app */,
				152C9B2923FECD5300B970BD /* challangeNetflixTests.xctest */,
				152C9B3423FECD5300B970BD /* challangeNetflixUITests.xctest */,
			);
			name = Products;
			sourceTree = "<group>";
		};
		152C9B1523FECD5000B970BD /* challangeNetflix */ = {
			isa = PBXGroup;
			children = (
				156A991C2406CF5500ADF085 /* MovieCell.swift */,
				154BADAF24478CFC001C1AF8 /* HandlerDatabase.swift */,
				154994D724632BCB00736A8B /* MovieList */,
				154994D824632C0700736A8B /* MovieDetails */,
				154994D924632CAA00736A8B /* Models */,
				152C9B1C23FECD5000B970BD /* Main.storyboard */,
				152C9B2123FECD5200B970BD /* LaunchScreen.storyboard */,
				152C9B1F23FECD5200B970BD /* Assets.xcassets */,
				152C9B1623FECD5000B970BD /* AppDelegate.swift */,
				152C9B2423FECD5200B970BD /* Info.plist */,
			);
			path = challangeNetflix;
			sourceTree = "<group>";
		};
		152C9B2C23FECD5300B970BD /* challangeNetflixTests */ = {
			isa = PBXGroup;
			children = (
				152C9B2D23FECD5300B970BD /* challangeNetflixTests.swift */,
				154AAD9E243E434700272877 /* movies.json */,
				152C9B2F23FECD5300B970BD /* Info.plist */,
			);
			path = challangeNetflixTests;
			sourceTree = "<group>";
		};
		152C9B3723FECD5300B970BD /* challangeNetflixUITests */ = {
			isa = PBXGroup;
			children = (
				152C9B3823FECD5300B970BD /* challangeNetflixUITests.swift */,
				152C9B3A23FECD5300B970BD /* Info.plist */,
			);
			path = challangeNetflixUITests;
			sourceTree = "<group>";
		};
		154994D724632BCB00736A8B /* MovieList */ = {
			isa = PBXGroup;
			children = (
				152C9B1A23FECD5000B970BD /* MovieListViewController.swift */,
				154994DA2463357800736A8B /* MovieListWorker.swift */,
			);
			path = MovieList;
			sourceTree = "<group>";
		};
		154994D824632C0700736A8B /* MovieDetails */ = {
			isa = PBXGroup;
			children = (
				155EAB3324104027001A42A6 /* MovieDetailsViewController.swift */,
			);
			path = MovieDetails;
			sourceTree = "<group>";
		};
		154994D924632CAA00736A8B /* Models */ = {
			isa = PBXGroup;
			children = (
				15169B37240EEF2D00568CCB /* Movie.swift */,
				154AC6562423DB6400143FA1 /* MovieRealm.swift */,
				151B50A7242E48C400EBABBA /* MovieFavRealm.swift */,
				155EAB352417F944001A42A6 /* UIMinionButton.swift */,
				156A991E2408304100ADF085 /* SearchCollectionReusableView.swift */,
			);
			path = Models;
			sourceTree = "<group>";
		};
		3EB7FD7815FDD7660E79167F /* Pods */ = {
			isa = PBXGroup;
			children = (
				BC51E2672C9E53F2F1C20DC2 /* Pods-challangeNetflix.debug.xcconfig */,
				D8C93646566ECD34E47E56AA /* Pods-challangeNetflix.release.xcconfig */,
				B26126356E5C0759C0F9E89B /* Pods-challangeNetflix-challangeNetflixUITests.debug.xcconfig */,
				EB44D1A7D01B68FA75F012CB /* Pods-challangeNetflix-challangeNetflixUITests.release.xcconfig */,
				F1582AE792BA7D4B34B5BB53 /* Pods-challangeNetflixTests.debug.xcconfig */,
				BC08264AADE6D20C567969E9 /* Pods-challangeNetflixTests.release.xcconfig */,
			);
			path = Pods;
			sourceTree = "<group>";
		};
		6FED058B69D1F511F51024A6 /* Frameworks */ = {
			isa = PBXGroup;
			children = (
				152C9B3723FECD5300B970BD /* challangeNetflixUITests */,
				0844A08E235F6B1791C5B52D /* Pods_challangeNetflix.framework */,
				B2E174DA42823DAA1BF84DA3 /* Pods_challangeNetflix_challangeNetflixUITests.framework */,
				77203C35350DBABA1352518F /* Pods_challangeNetflixTests.framework */,
			);
			name = Frameworks;
			sourceTree = "<group>";
		};
/* End PBXGroup section */

/* Begin PBXNativeTarget section */
		152C9B1223FECD5000B970BD /* challangeNetflix */ = {
			isa = PBXNativeTarget;
			buildConfigurationList = 152C9B3D23FECD5300B970BD /* Build configuration list for PBXNativeTarget "challangeNetflix" */;
			buildPhases = (
				1ACDB25EAD8C04F2053FB9F8 /* [CP] Check Pods Manifest.lock */,
				152C9B0F23FECD5000B970BD /* Sources */,
				152C9B1023FECD5000B970BD /* Frameworks */,
				152C9B1123FECD5000B970BD /* Resources */,
				E7581B7F3BBA4EB0137E1BA8 /* [CP] Embed Pods Frameworks */,
			);
			buildRules = (
			);
			dependencies = (
			);
			name = challangeNetflix;
			productName = challangeNetflix;
			productReference = 152C9B1323FECD5000B970BD /* challangeNetflix.app */;
			productType = "com.apple.product-type.application";
		};
		152C9B2823FECD5300B970BD /* challangeNetflixTests */ = {
			isa = PBXNativeTarget;
			buildConfigurationList = 152C9B4023FECD5300B970BD /* Build configuration list for PBXNativeTarget "challangeNetflixTests" */;
			buildPhases = (
				EA2D5E5C9F51EAD6C2BDF37A /* [CP] Check Pods Manifest.lock */,
				152C9B2523FECD5300B970BD /* Sources */,
				152C9B2623FECD5300B970BD /* Frameworks */,
				152C9B2723FECD5300B970BD /* Resources */,
			);
			buildRules = (
			);
			dependencies = (
				152C9B2B23FECD5300B970BD /* PBXTargetDependency */,
			);
			name = challangeNetflixTests;
			productName = challangeNetflixTests;
			productReference = 152C9B2923FECD5300B970BD /* challangeNetflixTests.xctest */;
			productType = "com.apple.product-type.bundle.unit-test";
		};
		152C9B3323FECD5300B970BD /* challangeNetflixUITests */ = {
			isa = PBXNativeTarget;
			buildConfigurationList = 152C9B4323FECD5300B970BD /* Build configuration list for PBXNativeTarget "challangeNetflixUITests" */;
			buildPhases = (
				14DD3FB4B418FAA4817BD411 /* [CP] Check Pods Manifest.lock */,
				152C9B3023FECD5300B970BD /* Sources */,
				152C9B3123FECD5300B970BD /* Frameworks */,
				152C9B3223FECD5300B970BD /* Resources */,
				3D9CCFDAA2A57424850FECAC /* [CP] Embed Pods Frameworks */,
			);
			buildRules = (
			);
			dependencies = (
				152C9B3623FECD5300B970BD /* PBXTargetDependency */,
			);
			name = challangeNetflixUITests;
			productName = challangeNetflixUITests;
			productReference = 152C9B3423FECD5300B970BD /* challangeNetflixUITests.xctest */;
			productType = "com.apple.product-type.bundle.ui-testing";
		};
/* End PBXNativeTarget section */

/* Begin PBXProject section */
		152C9B0B23FECD4F00B970BD /* Project object */ = {
			isa = PBXProject;
			attributes = {
				LastSwiftUpdateCheck = 1130;
				LastUpgradeCheck = 1130;
				ORGANIZATIONNAME = "Larissa Diniz ";
				TargetAttributes = {
					152C9B1223FECD5000B970BD = {
						CreatedOnToolsVersion = 11.3.1;
					};
					152C9B2823FECD5300B970BD = {
						CreatedOnToolsVersion = 11.3.1;
						TestTargetID = 152C9B1223FECD5000B970BD;
					};
					152C9B3323FECD5300B970BD = {
						CreatedOnToolsVersion = 11.3.1;
						TestTargetID = 152C9B1223FECD5000B970BD;
					};
				};
			};
			buildConfigurationList = 152C9B0E23FECD4F00B970BD /* Build configuration list for PBXProject "challangeNetflix" */;
			compatibilityVersion = "Xcode 9.3";
			developmentRegion = en;
			hasScannedForEncodings = 0;
			knownRegions = (
				en,
				Base,
			);
			mainGroup = 152C9B0A23FECD4F00B970BD;
			productRefGroup = 152C9B1423FECD5000B970BD /* Products */;
			projectDirPath = "";
			projectRoot = "";
			targets = (
				152C9B1223FECD5000B970BD /* challangeNetflix */,
				152C9B2823FECD5300B970BD /* challangeNetflixTests */,
				152C9B3323FECD5300B970BD /* challangeNetflixUITests */,
			);
		};
/* End PBXProject section */

/* Begin PBXResourcesBuildPhase section */
		152C9B1123FECD5000B970BD /* Resources */ = {
			isa = PBXResourcesBuildPhase;
			buildActionMask = 2147483647;
			files = (
				152C9B2323FECD5200B970BD /* LaunchScreen.storyboard in Resources */,
				152C9B2023FECD5200B970BD /* Assets.xcassets in Resources */,
				154AADA1243E5B5B00272877 /* movies.json in Resources */,
				152C9B1E23FECD5000B970BD /* Main.storyboard in Resources */,
			);
			runOnlyForDeploymentPostprocessing = 0;
		};
		152C9B2723FECD5300B970BD /* Resources */ = {
			isa = PBXResourcesBuildPhase;
			buildActionMask = 2147483647;
			files = (
				154AAD9F243E434700272877 /* movies.json in Resources */,
			);
			runOnlyForDeploymentPostprocessing = 0;
		};
		152C9B3223FECD5300B970BD /* Resources */ = {
			isa = PBXResourcesBuildPhase;
			buildActionMask = 2147483647;
			files = (
				154AADA2243E5B5C00272877 /* movies.json in Resources */,
			);
			runOnlyForDeploymentPostprocessing = 0;
		};
/* End PBXResourcesBuildPhase section */

/* Begin PBXShellScriptBuildPhase section */
		14DD3FB4B418FAA4817BD411 /* [CP] Check Pods Manifest.lock */ = {
			isa = PBXShellScriptBuildPhase;
			buildActionMask = 2147483647;
			files = (
			);
			inputFileListPaths = (
			);
			inputPaths = (
				"${PODS_PODFILE_DIR_PATH}/Podfile.lock",
				"${PODS_ROOT}/Manifest.lock",
			);
			name = "[CP] Check Pods Manifest.lock";
			outputFileListPaths = (
			);
			outputPaths = (
				"$(DERIVED_FILE_DIR)/Pods-challangeNetflix-challangeNetflixUITests-checkManifestLockResult.txt",
			);
			runOnlyForDeploymentPostprocessing = 0;
			shellPath = /bin/sh;
			shellScript = "diff \"${PODS_PODFILE_DIR_PATH}/Podfile.lock\" \"${PODS_ROOT}/Manifest.lock\" > /dev/null\nif [ $? != 0 ] ; then\n    # print error to STDERR\n    echo \"error: The sandbox is not in sync with the Podfile.lock. Run 'pod install' or update your CocoaPods installation.\" >&2\n    exit 1\nfi\n# This output is used by Xcode 'outputs' to avoid re-running this script phase.\necho \"SUCCESS\" > \"${SCRIPT_OUTPUT_FILE_0}\"\n";
			showEnvVarsInLog = 0;
		};
		1ACDB25EAD8C04F2053FB9F8 /* [CP] Check Pods Manifest.lock */ = {
			isa = PBXShellScriptBuildPhase;
			buildActionMask = 2147483647;
			files = (
			);
			inputFileListPaths = (
			);
			inputPaths = (
				"${PODS_PODFILE_DIR_PATH}/Podfile.lock",
				"${PODS_ROOT}/Manifest.lock",
			);
			name = "[CP] Check Pods Manifest.lock";
			outputFileListPaths = (
			);
			outputPaths = (
				"$(DERIVED_FILE_DIR)/Pods-challangeNetflix-checkManifestLockResult.txt",
			);
			runOnlyForDeploymentPostprocessing = 0;
			shellPath = /bin/sh;
			shellScript = "diff \"${PODS_PODFILE_DIR_PATH}/Podfile.lock\" \"${PODS_ROOT}/Manifest.lock\" > /dev/null\nif [ $? != 0 ] ; then\n    # print error to STDERR\n    echo \"error: The sandbox is not in sync with the Podfile.lock. Run 'pod install' or update your CocoaPods installation.\" >&2\n    exit 1\nfi\n# This output is used by Xcode 'outputs' to avoid re-running this script phase.\necho \"SUCCESS\" > \"${SCRIPT_OUTPUT_FILE_0}\"\n";
			showEnvVarsInLog = 0;
		};
		3D9CCFDAA2A57424850FECAC /* [CP] Embed Pods Frameworks */ = {
			isa = PBXShellScriptBuildPhase;
			buildActionMask = 2147483647;
			files = (
			);
			inputFileListPaths = (
				"${PODS_ROOT}/Target Support Files/Pods-challangeNetflix-challangeNetflixUITests/Pods-challangeNetflix-challangeNetflixUITests-frameworks-${CONFIGURATION}-input-files.xcfilelist",
			);
			name = "[CP] Embed Pods Frameworks";
			outputFileListPaths = (
				"${PODS_ROOT}/Target Support Files/Pods-challangeNetflix-challangeNetflixUITests/Pods-challangeNetflix-challangeNetflixUITests-frameworks-${CONFIGURATION}-output-files.xcfilelist",
			);
			runOnlyForDeploymentPostprocessing = 0;
			shellPath = /bin/sh;
			shellScript = "\"${PODS_ROOT}/Target Support Files/Pods-challangeNetflix-challangeNetflixUITests/Pods-challangeNetflix-challangeNetflixUITests-frameworks.sh\"\n";
			showEnvVarsInLog = 0;
		};
		E7581B7F3BBA4EB0137E1BA8 /* [CP] Embed Pods Frameworks */ = {
			isa = PBXShellScriptBuildPhase;
			buildActionMask = 2147483647;
			files = (
			);
			inputFileListPaths = (
				"${PODS_ROOT}/Target Support Files/Pods-challangeNetflix/Pods-challangeNetflix-frameworks-${CONFIGURATION}-input-files.xcfilelist",
			);
			name = "[CP] Embed Pods Frameworks";
			outputFileListPaths = (
				"${PODS_ROOT}/Target Support Files/Pods-challangeNetflix/Pods-challangeNetflix-frameworks-${CONFIGURATION}-output-files.xcfilelist",
			);
			runOnlyForDeploymentPostprocessing = 0;
			shellPath = /bin/sh;
			shellScript = "\"${PODS_ROOT}/Target Support Files/Pods-challangeNetflix/Pods-challangeNetflix-frameworks.sh\"\n";
			showEnvVarsInLog = 0;
		};
		EA2D5E5C9F51EAD6C2BDF37A /* [CP] Check Pods Manifest.lock */ = {
			isa = PBXShellScriptBuildPhase;
			buildActionMask = 2147483647;
			files = (
			);
			inputFileListPaths = (
			);
			inputPaths = (
				"${PODS_PODFILE_DIR_PATH}/Podfile.lock",
				"${PODS_ROOT}/Manifest.lock",
			);
			name = "[CP] Check Pods Manifest.lock";
			outputFileListPaths = (
			);
			outputPaths = (
				"$(DERIVED_FILE_DIR)/Pods-challangeNetflixTests-checkManifestLockResult.txt",
			);
			runOnlyForDeploymentPostprocessing = 0;
			shellPath = /bin/sh;
			shellScript = "diff \"${PODS_PODFILE_DIR_PATH}/Podfile.lock\" \"${PODS_ROOT}/Manifest.lock\" > /dev/null\nif [ $? != 0 ] ; then\n    # print error to STDERR\n    echo \"error: The sandbox is not in sync with the Podfile.lock. Run 'pod install' or update your CocoaPods installation.\" >&2\n    exit 1\nfi\n# This output is used by Xcode 'outputs' to avoid re-running this script phase.\necho \"SUCCESS\" > \"${SCRIPT_OUTPUT_FILE_0}\"\n";
			showEnvVarsInLog = 0;
		};
/* End PBXShellScriptBuildPhase section */

/* Begin PBXSourcesBuildPhase section */
		152C9B0F23FECD5000B970BD /* Sources */ = {
			isa = PBXSourcesBuildPhase;
			buildActionMask = 2147483647;
			files = (
				152C9B1B23FECD5000B970BD /* MovieListViewController.swift in Sources */,
				154AC6572423DB6400143FA1 /* MovieRealm.swift in Sources */,
				154994DB2463357800736A8B /* MovieListWorker.swift in Sources */,
				156A991F2408304100ADF085 /* SearchCollectionReusableView.swift in Sources */,
				154BADB024478CFC001C1AF8 /* HandlerDatabase.swift in Sources */,
				15169B38240EEF2D00568CCB /* Movie.swift in Sources */,
				151B50A8242E48C400EBABBA /* MovieFavRealm.swift in Sources */,
				155EAB362417F944001A42A6 /* UIMinionButton.swift in Sources */,
				152C9B1723FECD5000B970BD /* AppDelegate.swift in Sources */,
				155EAB3424104027001A42A6 /* MovieDetailsViewController.swift in Sources */,
				156A991D2406CF5500ADF085 /* MovieCell.swift in Sources */,
			);
			runOnlyForDeploymentPostprocessing = 0;
		};
		152C9B2523FECD5300B970BD /* Sources */ = {
			isa = PBXSourcesBuildPhase;
			buildActionMask = 2147483647;
			files = (
				152C9B2E23FECD5300B970BD /* challangeNetflixTests.swift in Sources */,
			);
			runOnlyForDeploymentPostprocessing = 0;
		};
		152C9B3023FECD5300B970BD /* Sources */ = {
			isa = PBXSourcesBuildPhase;
			buildActionMask = 2147483647;
			files = (
				152C9B3923FECD5300B970BD /* challangeNetflixUITests.swift in Sources */,
			);
			runOnlyForDeploymentPostprocessing = 0;
		};
/* End PBXSourcesBuildPhase section */

/* Begin PBXTargetDependency section */
		152C9B2B23FECD5300B970BD /* PBXTargetDependency */ = {
			isa = PBXTargetDependency;
			target = 152C9B1223FECD5000B970BD /* challangeNetflix */;
			targetProxy = 152C9B2A23FECD5300B970BD /* PBXContainerItemProxy */;
		};
		152C9B3623FECD5300B970BD /* PBXTargetDependency */ = {
			isa = PBXTargetDependency;
			target = 152C9B1223FECD5000B970BD /* challangeNetflix */;
			targetProxy = 152C9B3523FECD5300B970BD /* PBXContainerItemProxy */;
		};
/* End PBXTargetDependency section */

/* Begin PBXVariantGroup section */
		152C9B1C23FECD5000B970BD /* Main.storyboard */ = {
			isa = PBXVariantGroup;
			children = (
				152C9B1D23FECD5000B970BD /* Base */,
			);
			name = Main.storyboard;
			sourceTree = "<group>";
		};
		152C9B2123FECD5200B970BD /* LaunchScreen.storyboard */ = {
			isa = PBXVariantGroup;
			children = (
				152C9B2223FECD5200B970BD /* Base */,
			);
			name = LaunchScreen.storyboard;
			sourceTree = "<group>";
		};
/* End PBXVariantGroup section */

/* Begin XCBuildConfiguration section */
		152C9B3B23FECD5300B970BD /* Debug */ = {
			isa = XCBuildConfiguration;
			buildSettings = {
				ALWAYS_SEARCH_USER_PATHS = NO;
				CLANG_ANALYZER_NONNULL = YES;
				CLANG_ANALYZER_NUMBER_OBJECT_CONVERSION = YES_AGGRESSIVE;
				CLANG_CXX_LANGUAGE_STANDARD = "gnu++14";
				CLANG_CXX_LIBRARY = "libc++";
				CLANG_ENABLE_MODULES = YES;
				CLANG_ENABLE_OBJC_ARC = YES;
				CLANG_ENABLE_OBJC_WEAK = YES;
				CLANG_WARN_BLOCK_CAPTURE_AUTORELEASING = YES;
				CLANG_WARN_BOOL_CONVERSION = YES;
				CLANG_WARN_COMMA = YES;
				CLANG_WARN_CONSTANT_CONVERSION = YES;
				CLANG_WARN_DEPRECATED_OBJC_IMPLEMENTATIONS = YES;
				CLANG_WARN_DIRECT_OBJC_ISA_USAGE = YES_ERROR;
				CLANG_WARN_DOCUMENTATION_COMMENTS = YES;
				CLANG_WARN_EMPTY_BODY = YES;
				CLANG_WARN_ENUM_CONVERSION = YES;
				CLANG_WARN_INFINITE_RECURSION = YES;
				CLANG_WARN_INT_CONVERSION = YES;
				CLANG_WARN_NON_LITERAL_NULL_CONVERSION = YES;
				CLANG_WARN_OBJC_IMPLICIT_RETAIN_SELF = YES;
				CLANG_WARN_OBJC_LITERAL_CONVERSION = YES;
				CLANG_WARN_OBJC_ROOT_CLASS = YES_ERROR;
				CLANG_WARN_RANGE_LOOP_ANALYSIS = YES;
				CLANG_WARN_STRICT_PROTOTYPES = YES;
				CLANG_WARN_SUSPICIOUS_MOVE = YES;
				CLANG_WARN_UNGUARDED_AVAILABILITY = YES_AGGRESSIVE;
				CLANG_WARN_UNREACHABLE_CODE = YES;
				CLANG_WARN__DUPLICATE_METHOD_MATCH = YES;
				COPY_PHASE_STRIP = NO;
				DEBUG_INFORMATION_FORMAT = dwarf;
				ENABLE_STRICT_OBJC_MSGSEND = YES;
				ENABLE_TESTABILITY = YES;
				GCC_C_LANGUAGE_STANDARD = gnu11;
				GCC_DYNAMIC_NO_PIC = NO;
				GCC_NO_COMMON_BLOCKS = YES;
				GCC_OPTIMIZATION_LEVEL = 0;
				GCC_PREPROCESSOR_DEFINITIONS = (
					"DEBUG=1",
					"$(inherited)",
				);
				GCC_WARN_64_TO_32_BIT_CONVERSION = YES;
				GCC_WARN_ABOUT_RETURN_TYPE = YES_ERROR;
				GCC_WARN_UNDECLARED_SELECTOR = YES;
				GCC_WARN_UNINITIALIZED_AUTOS = YES_AGGRESSIVE;
				GCC_WARN_UNUSED_FUNCTION = YES;
				GCC_WARN_UNUSED_VARIABLE = YES;
				IPHONEOS_DEPLOYMENT_TARGET = 13.0;
				MTL_ENABLE_DEBUG_INFO = INCLUDE_SOURCE;
				MTL_FAST_MATH = YES;
				ONLY_ACTIVE_ARCH = YES;
				SDKROOT = iphoneos;
				SWIFT_ACTIVE_COMPILATION_CONDITIONS = DEBUG;
				SWIFT_OPTIMIZATION_LEVEL = "-Onone";
			};
			name = Debug;
		};
		152C9B3C23FECD5300B970BD /* Release */ = {
			isa = XCBuildConfiguration;
			buildSettings = {
				ALWAYS_SEARCH_USER_PATHS = NO;
				CLANG_ANALYZER_NONNULL = YES;
				CLANG_ANALYZER_NUMBER_OBJECT_CONVERSION = YES_AGGRESSIVE;
				CLANG_CXX_LANGUAGE_STANDARD = "gnu++14";
				CLANG_CXX_LIBRARY = "libc++";
				CLANG_ENABLE_MODULES = YES;
				CLANG_ENABLE_OBJC_ARC = YES;
				CLANG_ENABLE_OBJC_WEAK = YES;
				CLANG_WARN_BLOCK_CAPTURE_AUTORELEASING = YES;
				CLANG_WARN_BOOL_CONVERSION = YES;
				CLANG_WARN_COMMA = YES;
				CLANG_WARN_CONSTANT_CONVERSION = YES;
				CLANG_WARN_DEPRECATED_OBJC_IMPLEMENTATIONS = YES;
				CLANG_WARN_DIRECT_OBJC_ISA_USAGE = YES_ERROR;
				CLANG_WARN_DOCUMENTATION_COMMENTS = YES;
				CLANG_WARN_EMPTY_BODY = YES;
				CLANG_WARN_ENUM_CONVERSION = YES;
				CLANG_WARN_INFINITE_RECURSION = YES;
				CLANG_WARN_INT_CONVERSION = YES;
				CLANG_WARN_NON_LITERAL_NULL_CONVERSION = YES;
				CLANG_WARN_OBJC_IMPLICIT_RETAIN_SELF = YES;
				CLANG_WARN_OBJC_LITERAL_CONVERSION = YES;
				CLANG_WARN_OBJC_ROOT_CLASS = YES_ERROR;
				CLANG_WARN_RANGE_LOOP_ANALYSIS = YES;
				CLANG_WARN_STRICT_PROTOTYPES = YES;
				CLANG_WARN_SUSPICIOUS_MOVE = YES;
				CLANG_WARN_UNGUARDED_AVAILABILITY = YES_AGGRESSIVE;
				CLANG_WARN_UNREACHABLE_CODE = YES;
				CLANG_WARN__DUPLICATE_METHOD_MATCH = YES;
				COPY_PHASE_STRIP = NO;
				DEBUG_INFORMATION_FORMAT = "dwarf-with-dsym";
				ENABLE_NS_ASSERTIONS = NO;
				ENABLE_STRICT_OBJC_MSGSEND = YES;
				GCC_C_LANGUAGE_STANDARD = gnu11;
				GCC_NO_COMMON_BLOCKS = YES;
				GCC_WARN_64_TO_32_BIT_CONVERSION = YES;
				GCC_WARN_ABOUT_RETURN_TYPE = YES_ERROR;
				GCC_WARN_UNDECLARED_SELECTOR = YES;
				GCC_WARN_UNINITIALIZED_AUTOS = YES_AGGRESSIVE;
				GCC_WARN_UNUSED_FUNCTION = YES;
				GCC_WARN_UNUSED_VARIABLE = YES;
				IPHONEOS_DEPLOYMENT_TARGET = 13.0;
				MTL_ENABLE_DEBUG_INFO = NO;
				MTL_FAST_MATH = YES;
				SDKROOT = iphoneos;
				SWIFT_COMPILATION_MODE = wholemodule;
				SWIFT_OPTIMIZATION_LEVEL = "-O";
				VALIDATE_PRODUCT = YES;
			};
			name = Release;
		};
		152C9B3E23FECD5300B970BD /* Debug */ = {
			isa = XCBuildConfiguration;
			baseConfigurationReference = BC51E2672C9E53F2F1C20DC2 /* Pods-challangeNetflix.debug.xcconfig */;
			buildSettings = {
				ASSETCATALOG_COMPILER_APPICON_NAME = AppIcon;
				CODE_SIGN_STYLE = Automatic;
				DEVELOPMENT_TEAM = J9FU5BS8Y2;
				INFOPLIST_FILE = challangeNetflix/Info.plist;
				LD_RUNPATH_SEARCH_PATHS = (
					"$(inherited)",
					"@executable_path/Frameworks",
				);
				PRODUCT_BUNDLE_IDENTIFIER = involves.challangeNetflix;
				PRODUCT_NAME = "$(TARGET_NAME)";
				SWIFT_VERSION = 5.0;
				TARGETED_DEVICE_FAMILY = "1,2";
			};
			name = Debug;
		};
		152C9B3F23FECD5300B970BD /* Release */ = {
			isa = XCBuildConfiguration;
			baseConfigurationReference = D8C93646566ECD34E47E56AA /* Pods-challangeNetflix.release.xcconfig */;
			buildSettings = {
				ASSETCATALOG_COMPILER_APPICON_NAME = AppIcon;
				CODE_SIGN_STYLE = Automatic;
				DEVELOPMENT_TEAM = J9FU5BS8Y2;
				INFOPLIST_FILE = challangeNetflix/Info.plist;
				LD_RUNPATH_SEARCH_PATHS = (
					"$(inherited)",
					"@executable_path/Frameworks",
				);
				PRODUCT_BUNDLE_IDENTIFIER = involves.challangeNetflix;
				PRODUCT_NAME = "$(TARGET_NAME)";
				SWIFT_VERSION = 5.0;
				TARGETED_DEVICE_FAMILY = "1,2";
			};
			name = Release;
		};
		152C9B4123FECD5300B970BD /* Debug */ = {
			isa = XCBuildConfiguration;
			baseConfigurationReference = F1582AE792BA7D4B34B5BB53 /* Pods-challangeNetflixTests.debug.xcconfig */;
			buildSettings = {
				ALWAYS_EMBED_SWIFT_STANDARD_LIBRARIES = YES;
				BUNDLE_LOADER = "$(TEST_HOST)";
				CODE_SIGN_STYLE = Automatic;
				DEVELOPMENT_TEAM = J9FU5BS8Y2;
				INFOPLIST_FILE = challangeNetflixTests/Info.plist;
				IPHONEOS_DEPLOYMENT_TARGET = 13.2;
				LD_RUNPATH_SEARCH_PATHS = (
					"$(inherited)",
					"@executable_path/Frameworks",
					"@loader_path/Frameworks",
				);
				PRODUCT_BUNDLE_IDENTIFIER = involves.challangeNetflixTests;
				PRODUCT_NAME = "$(TARGET_NAME)";
				SWIFT_VERSION = 5.0;
				TARGETED_DEVICE_FAMILY = "1,2";
				TEST_HOST = "$(BUILT_PRODUCTS_DIR)/challangeNetflix.app/challangeNetflix";
			};
			name = Debug;
		};
		152C9B4223FECD5300B970BD /* Release */ = {
			isa = XCBuildConfiguration;
			baseConfigurationReference = BC08264AADE6D20C567969E9 /* Pods-challangeNetflixTests.release.xcconfig */;
			buildSettings = {
				ALWAYS_EMBED_SWIFT_STANDARD_LIBRARIES = YES;
				BUNDLE_LOADER = "$(TEST_HOST)";
				CODE_SIGN_STYLE = Automatic;
				DEVELOPMENT_TEAM = J9FU5BS8Y2;
				INFOPLIST_FILE = challangeNetflixTests/Info.plist;
				IPHONEOS_DEPLOYMENT_TARGET = 13.2;
				LD_RUNPATH_SEARCH_PATHS = (
					"$(inherited)",
					"@executable_path/Frameworks",
					"@loader_path/Frameworks",
				);
				PRODUCT_BUNDLE_IDENTIFIER = involves.challangeNetflixTests;
				PRODUCT_NAME = "$(TARGET_NAME)";
				SWIFT_VERSION = 5.0;
				TARGETED_DEVICE_FAMILY = "1,2";
				TEST_HOST = "$(BUILT_PRODUCTS_DIR)/challangeNetflix.app/challangeNetflix";
			};
			name = Release;
		};
		152C9B4423FECD5300B970BD /* Debug */ = {
			isa = XCBuildConfiguration;
			baseConfigurationReference = B26126356E5C0759C0F9E89B /* Pods-challangeNetflix-challangeNetflixUITests.debug.xcconfig */;
			buildSettings = {
				ALWAYS_EMBED_SWIFT_STANDARD_LIBRARIES = YES;
				CODE_SIGN_STYLE = Automatic;
				DEVELOPMENT_TEAM = J9FU5BS8Y2;
				INFOPLIST_FILE = challangeNetflixUITests/Info.plist;
				LD_RUNPATH_SEARCH_PATHS = (
					"$(inherited)",
					"@executable_path/Frameworks",
					"@loader_path/Frameworks",
				);
				PRODUCT_BUNDLE_IDENTIFIER = involves.challangeNetflixUITests;
				PRODUCT_NAME = "$(TARGET_NAME)";
				SWIFT_VERSION = 5.0;
				TARGETED_DEVICE_FAMILY = "1,2";
				TEST_TARGET_NAME = challangeNetflix;
			};
			name = Debug;
		};
		152C9B4523FECD5300B970BD /* Release */ = {
			isa = XCBuildConfiguration;
			baseConfigurationReference = EB44D1A7D01B68FA75F012CB /* Pods-challangeNetflix-challangeNetflixUITests.release.xcconfig */;
			buildSettings = {
				ALWAYS_EMBED_SWIFT_STANDARD_LIBRARIES = YES;
				CODE_SIGN_STYLE = Automatic;
				DEVELOPMENT_TEAM = J9FU5BS8Y2;
				INFOPLIST_FILE = challangeNetflixUITests/Info.plist;
				LD_RUNPATH_SEARCH_PATHS = (
					"$(inherited)",
					"@executable_path/Frameworks",
					"@loader_path/Frameworks",
				);
				PRODUCT_BUNDLE_IDENTIFIER = involves.challangeNetflixUITests;
				PRODUCT_NAME = "$(TARGET_NAME)";
				SWIFT_VERSION = 5.0;
				TARGETED_DEVICE_FAMILY = "1,2";
				TEST_TARGET_NAME = challangeNetflix;
			};
			name = Release;
		};
/* End XCBuildConfiguration section */

/* Begin XCConfigurationList section */
		152C9B0E23FECD4F00B970BD /* Build configuration list for PBXProject "challangeNetflix" */ = {
			isa = XCConfigurationList;
			buildConfigurations = (
				152C9B3B23FECD5300B970BD /* Debug */,
				152C9B3C23FECD5300B970BD /* Release */,
			);
			defaultConfigurationIsVisible = 0;
			defaultConfigurationName = Release;
		};
		152C9B3D23FECD5300B970BD /* Build configuration list for PBXNativeTarget "challangeNetflix" */ = {
			isa = XCConfigurationList;
			buildConfigurations = (
				152C9B3E23FECD5300B970BD /* Debug */,
				152C9B3F23FECD5300B970BD /* Release */,
			);
			defaultConfigurationIsVisible = 0;
			defaultConfigurationName = Release;
		};
		152C9B4023FECD5300B970BD /* Build configuration list for PBXNativeTarget "challangeNetflixTests" */ = {
			isa = XCConfigurationList;
			buildConfigurations = (
				152C9B4123FECD5300B970BD /* Debug */,
				152C9B4223FECD5300B970BD /* Release */,
			);
			defaultConfigurationIsVisible = 0;
			defaultConfigurationName = Release;
		};
		152C9B4323FECD5300B970BD /* Build configuration list for PBXNativeTarget "challangeNetflixUITests" */ = {
			isa = XCConfigurationList;
			buildConfigurations = (
				152C9B4423FECD5300B970BD /* Debug */,
				152C9B4523FECD5300B970BD /* Release */,
			);
			defaultConfigurationIsVisible = 0;
			defaultConfigurationName = Release;
		};
/* End XCConfigurationList section */
	};
	rootObject = 152C9B0B23FECD4F00B970BD /* Project object */;
}
